<?xml version="1.0" encoding="UTF-8"?>
<CONFIG>
  <ProjectOptions>
    <Version Value="9"/>
    <General>
      <MainUnit Value="0"/>
      <Title Value="winkeyer_server"/>
      <UseXPManifest Value="True"/>
      <Icon Value="0"/>
    </General>
    <VersionInfo>
      <Language Value=""/>
      <CharSet Value=""/>
      <StringTable ProductVersion=""/>
    </VersionInfo>
    <BuildModes Count="1">
      <Item1 Name="default" Default="True"/>
    </BuildModes>
    <PublishOptions>
      <Version Value="2"/>
      <IgnoreBinaries Value="False"/>
      <IncludeFileFilter Value="*.(pas|pp|inc|lfm|lpr|lrs|lpi|lpk|sh|xml)"/>
      <ExcludeFileFilter Value="*.(bak|ppu|ppw|o|so);*~;backup"/>
    </PublishOptions>
    <RunParams>
      <local>
        <FormatVersion Value="1"/>
        <LaunchingApplication PathPlusParams="/usr/X11R6/bin/xterm -T 'Lazarus Run Output' -e $(LazarusDir)/tools/runwait.sh $(TargetCmdLine)"/>
      </local>
    </RunParams>
    <RequiredPackages Count="1">
      <Item1>
        <PackageName Value="LCL"/>
      </Item1>
    </RequiredPackages>
    <Units Count="7">
      <Unit0>
        <Filename Value="winkeyer_server.lpr"/>
        <IsPartOfProject Value="True"/>
        <UnitName Value="winkey_server"/>
        <IsVisibleTab Value="True"/>
        <EditorIndex Value="3"/>
        <CursorPos Y="15"/>
        <UsageCount Value="27"/>
        <Loaded Value="True"/>
        <LoadedDesigner Value="True"/>
      </Unit0>
      <Unit1>
        <Filename Value="fMain.pas"/>
        <IsPartOfProject Value="True"/>
        <ComponentName Value="frmMain"/>
        <HasResources Value="True"/>
        <ResourceBaseClass Value="Form"/>
        <TopLine Value="202"/>
        <CursorPos X="69" Y="202"/>
        <UsageCount Value="27"/>
        <Loaded Value="True"/>
        <LoadedDesigner Value="True"/>
      </Unit1>
      <Unit2>
        <Filename Value="uCWKeying.pas"/>
        <EditorIndex Value="2"/>
        <TopLine Value="37"/>
        <CursorPos X="22" Y="49"/>
        <UsageCount Value="13"/>
        <Bookmarks Count="2">
          <Item0 X="3" Y="227" ID="2"/>
          <Item1 X="5" Y="61" ID="3"/>
        </Bookmarks>
        <Loaded Value="True"/>
      </Unit2>
      <Unit3>
        <Filename Value="../../../../usr/share/fpcsrc/2.2.4/rtl/inc/systemh.inc"/>
        <TopLine Value="558"/>
        <CursorPos X="11" Y="558"/>
        <UsageCount Value="11"/>
      </Unit3>
      <Unit4>
        <Filename Value="../../../../usr/share/fpcsrc/2.2.4/rtl/inc/wstringh.inc"/>
        <CursorPos X="23" Y="33"/>
        <UsageCount Value="11"/>
      </Unit4>
      <Unit5>
        <Filename Value="synaser.pas"/>
        <TopLine Value="1867"/>
        <CursorPos X="66" Y="1906"/>
        <UsageCount Value="10"/>
      </Unit5>
      <Unit6>
        <Filename Value="lnet/lib/lcommon.pp"/>
        <UnitName Value="lCommon"/>
        <EditorIndex Value="1"/>
        <TopLine Value="485"/>
        <CursorPos X="18" Y="515"/>
        <UsageCount Value="10"/>
        <Loaded Value="True"/>
      </Unit6>
    </Units>
    <JumpHistory Count="30" HistoryIndex="29">
      <Position1>
        <Filename Value="uCWKeying.pas"/>
        <Caret Line="61" Column="34" TopLine="46"/>
      </Position1>
      <Position2>
        <Filename Value="uCWKeying.pas"/>
        <Caret Line="19" Column="15" TopLine="4"/>
      </Position2>
      <Position3>
        <Filename Value="uCWKeying.pas"/>
        <Caret Line="234" Column="16" TopLine="220"/>
      </Position3>
      <Position4>
        <Filename Value="fMain.pas"/>
        <Caret Line="194" Column="72" TopLine="172"/>
      </Position4>
      <Position5>
        <Filename Value="fMain.pas"/>
        <Caret Line="202" Column="45" TopLine="179"/>
      </Position5>
      <Position6>
        <Filename Value="uCWKeying.pas"/>
        <Caret Line="106" Column="13" TopLine="91"/>
      </Position6>
      <Position7>
        <Filename Value="uCWKeying.pas"/>
        <Caret Line="229" Column="7" TopLine="206"/>
      </Position7>
      <Position8>
        <Filename Value="uCWKeying.pas"/>
        <Caret Line="16" TopLine="16"/>
      </Position8>
      <Position9>
        <Filename Value="uCWKeying.pas"/>
        <Caret Line="230" Column="28" TopLine="215"/>
      </Position9>
      <Position10>
        <Filename Value="uCWKeying.pas"/>
        <Caret Line="229" Column="3" TopLine="215"/>
      </Position10>
      <Position11>
        <Filename Value="uCWKeying.pas"/>
        <Caret Line="230" Column="4" TopLine="215"/>
      </Position11>
      <Position12>
        <Filename Value="uCWKeying.pas"/>
        <Caret Line="231" Column="58" TopLine="215"/>
      </Position12>
      <Position13>
        <Filename Value="fMain.pas"/>
        <Caret Line="63" Column="112" TopLine="49"/>
      </Position13>
      <Position14>
        <Filename Value="fMain.pas"/>
        <Caret Line="127" Column="13" TopLine="106"/>
      </Position14>
      <Position15>
        <Filename Value="fMain.pas"/>
        <Caret Line="128" Column="33" TopLine="112"/>
      </Position15>
      <Position16>
        <Filename Value="fMain.pas"/>
        <Caret Line="230" Column="18" TopLine="196"/>
      </Position16>
      <Position17>
        <Filename Value="fMain.pas"/>
        <Caret Line="229" Column="13" TopLine="197"/>
      </Position17>
      <Position18>
        <Filename Value="winkeyer_server.lpr"/>
        <Caret Column="22"/>
      </Position18>
      <Position19>
        <Filename Value="fMain.pas"/>
        <Caret Line="178" Column="41" TopLine="173"/>
      </Position19>
      <Position20>
        <Filename Value="fMain.pas"/>
        <Caret Line="35" Column="66" TopLine="13"/>
      </Position20>
      <Position21>
        <Filename Value="fMain.pas"/>
        <Caret Line="36" Column="76" TopLine="13"/>
      </Position21>
      <Position22>
        <Filename Value="fMain.pas"/>
        <Caret Line="37" Column="76" TopLine="13"/>
      </Position22>
      <Position23>
        <Filename Value="fMain.pas"/>
        <Caret Line="39" Column="76" TopLine="14"/>
      </Position23>
      <Position24>
        <Filename Value="fMain.pas"/>
        <Caret Line="40" Column="76" TopLine="14"/>
      </Position24>
      <Position25>
        <Filename Value="fMain.pas"/>
        <Caret Line="41" Column="76" TopLine="14"/>
      </Position25>
      <Position26>
        <Filename Value="fMain.pas"/>
        <Caret Line="199" Column="69" TopLine="181"/>
      </Position26>
      <Position27>
        <Filename Value="fMain.pas"/>
        <Caret Line="200" Column="69" TopLine="182"/>
      </Position27>
      <Position28>
        <Filename Value="fMain.pas"/>
        <Caret Line="201" Column="69" TopLine="183"/>
      </Position28>
      <Position29>
        <Filename Value="lnet/lib/lcommon.pp"/>
      </Position29>
      <Position30>
        <Filename Value="winkeyer_server.lpr"/>
        <Caret Line="15" Column="4"/>
      </Position30>
    </JumpHistory>
  </ProjectOptions>
  <CompilerOptions>
    <Version Value="11"/>
    <SearchPaths>
      <IncludeFiles Value="$(ProjOutDir)"/>
      <OtherUnitFiles Value="lnet/lib;synapse"/>
    </SearchPaths>
    <Parsing>
      <SyntaxOptions>
        <UseAnsiStrings Value="False"/>
      </SyntaxOptions>
    </Parsing>
    <Linking>
      <Options>
        <Win32>
          <GraphicApplication Value="True"/>
        </Win32>
      </Options>
    </Linking>
  </CompilerOptions>
  <Debugging>
    <Exceptions Count="3">
      <Item1>
        <Name Value="EAbort"/>
      </Item1>
      <Item2>
        <Name Value="ECodetoolError"/>
      </Item2>
      <Item3>
        <Name Value="EFOpenError"/>
      </Item3>
    </Exceptions>
  </Debugging>
</CONFIG>
